# generated by rye
# use `rye lock` or `rye sync` to update this lockfile
#
# last locked with the following flags:
#   pre: false
#   features: []
#   all-features: false
#   with-sources: false

-e file:.
asttokens==2.4.1
    # via stack-data
click==8.1.7
    # via typer
colorama==0.4.6
    # via click
    # via ipython
    # via loguru
    # via pytest
decorator==5.1.1
    # via ipython
executing==2.0.1
    # via stack-data
iniconfig==2.0.0
    # via pytest
ipython==8.26.0
jedi==0.19.1
    # via ipython
loguru==0.7.2
    # via lmtr-agents
markdown-it-py==3.0.0
    # via rich
matplotlib-inline==0.1.7
    # via ipython
mdurl==0.1.2
    # via markdown-it-py
packaging==24.1
    # via pytest
parso==0.8.4
    # via jedi
pluggy==1.5.0
    # via pytest
prompt-toolkit==3.0.47
    # via ipython
pure-eval==0.2.3
    # via stack-data
pygments==2.18.0
    # via ipython
    # via rich
pytest==8.3.1
rich==13.7.1
    # via lmtr-agents
    # via typer
ruff==0.5.4
shellingham==1.5.4
    # via typer
six==1.16.0
    # via asttokens
stack-data==0.6.3
    # via ipython
traitlets==5.14.3
    # via ipython
    # via matplotlib-inline
typer==0.12.3
    # via lmtr-agents
typing-extensions==4.12.2
    # via typer
wcwidth==0.2.13
    # via prompt-toolkit
win32-setctime==1.1.0
    # via loguru
